# This file is automatically @generated by Cargo.
# It is not intended for manual editing.
version = 4

[[package]]
name = "nanobuf"
version = "0.1.0"

[[package]]
name = "nanobuf-codegen"
version = "0.1.0"
dependencies = [
 "nanobuf-schema",
]

[[package]]
name = "nanobuf-diagnostics"
version = "0.1.0"

[[package]]
name = "nanobuf-schema"
version = "0.1.0"
dependencies = [
 "nanobuf-diagnostics",
 "nanobuf-syntax",
]

[[package]]
name = "nanobuf-syntax"
version = "0.1.0"
dependencies = [
 "nanobuf-diagnostics",
]

[[package]]
name = "nanorpc"
version = "0.1.0"
dependencies = [
 "nanobuf",
 "nanorpc-wire",
]

[[package]]
name = "nanorpc-interop"
version = "0.1.0"
dependencies = [
 "nanobuf",
 "nanobuf-codegen",
 "nanobuf-diagnostics",
 "nanobuf-schema",
 "nanobuf-syntax",
 "nanorpc",
 "nanorpc-wire",
]

[[package]]
name = "nanorpc-wire"
version = "0.1.0"
